
Microsoft Visual Studio Solution File, Format Version 11.00
# Visual Studio 2010
Project("{FAE04EC0-301F-11D3-BF4B-00C04F79EFBC}") = "UnityEngine.UI", "UnityEngine.UI.csproj", "{5f471053-a421-d774-5f71-fcc4e3d2fb20}"
EndProject
Project("{FAE04EC0-301F-11D3-BF4B-00C04F79EFBC}") = "Assembly-CSharp", "Assembly-CSharp.csproj", "{42891e82-80ac-3522-ea44-9f7aca108988}"
EndProject
Project("{FAE04EC0-301F-11D3-BF4B-00C04F79EFBC}") = "UnityEditor.UI", "UnityEditor.UI.csproj", "{a3a57d87-1b2d-f4d2-8a42-ec7087611d3a}"
EndProject
Global
	GlobalSection(SolutionConfigurationPlatforms) = preSolution
		Debug|Any CPU = Debug|Any CPU
	EndGlobalSection
	GlobalSection(ProjectConfigurationPlatforms) = postSolution
		{5f471053-a421-d774-5f71-fcc4e3d2fb20}.Debug|Any CPU.ActiveCfg = Debug|Any CPU
		{5f471053-a421-d774-5f71-fcc4e3d2fb20}.Debug|Any CPU.Build.0 = Debug|Any CPU
		{42891e82-80ac-3522-ea44-9f7aca108988}.Debug|Any CPU.ActiveCfg = Debug|Any CPU
		{42891e82-80ac-3522-ea44-9f7aca108988}.Debug|Any CPU.Build.0 = Debug|Any CPU
		{a3a57d87-1b2d-f4d2-8a42-ec7087611d3a}.Debug|Any CPU.ActiveCfg = Debug|Any CPU
		{a3a57d87-1b2d-f4d2-8a42-ec7087611d3a}.Debug|Any CPU.Build.0 = Debug|Any CPU
	EndGlobalSection
	GlobalSection(SolutionProperties) = preSolution
		HideSolutionNode = FALSE
	EndGlobalSection
EndGlobal
